# This file is @generated by PDM.
# It is not intended for manual editing.

[metadata]
groups = ["default"]
strategy = ["cross_platform", "inherit_metadata"]
lock_version = "4.4.1"
content_hash = "sha256:f2b473fab9646d0dabf7731e71df7a959951438b2db6b2d0f237d14502db4c30"

[[package]]
name = "attrs"
version = "23.2.0"
requires_python = ">=3.7"
summary = "Classes Without Boilerplate"
groups = ["default"]
files = [
    {file = "attrs-23.2.0-py3-none-any.whl", hash = "sha256:99b87a485a5820b23b879f04c2305b44b951b502fd64be915879d77a7e8fc6f1"},
    {file = "attrs-23.2.0.tar.gz", hash = "sha256:935dc3b529c262f6cf76e50877d35a4bd3c1de194fd41f47a2b7ae8f19971f30"},
]

[[package]]
name = "click"
version = "8.1.7"
requires_python = ">=3.7"
summary = "Composable command line interface toolkit"
groups = ["default"]
dependencies = [
    "colorama; platform_system == \"Windows\"",
]
files = [
    {file = "click-8.1.7-py3-none-any.whl", hash = "sha256:ae74fb96c20a0277a1d615f1e4d73c8414f5a98db8b799a7931d1582f3390c28"},
    {file = "click-8.1.7.tar.gz", hash = "sha256:ca9853ad459e787e2192211578cc907e7594e294c7ccc834310722b41b9ca6de"},
]

[[package]]
name = "colorama"
version = "0.4.6"
requires_python = "!=3.0.*,!=3.1.*,!=3.2.*,!=3.3.*,!=3.4.*,!=3.5.*,!=3.6.*,>=2.7"
summary = "Cross-platform colored terminal text."
groups = ["default"]
marker = "platform_system == \"Windows\""
files = [
    {file = "colorama-0.4.6-py2.py3-none-any.whl", hash = "sha256:4f1d9991f5acc0ca119f9d443620b77f9d6b33703e51011c16baf57afb285fc6"},
    {file = "colorama-0.4.6.tar.gz", hash = "sha256:08695f5cb7ed6e0531a20572697297273c47b8cae5a63ffc6d6ed5c201be6e44"},
]

[[package]]
name = "dataclasses-json"
version = "0.6.6"
requires_python = "<4.0,>=3.7"
summary = "Easily serialize dataclasses to and from JSON."
groups = ["default"]
dependencies = [
    "marshmallow<4.0.0,>=3.18.0",
    "typing-inspect<1,>=0.4.0",
]
files = [
    {file = "dataclasses_json-0.6.6-py3-none-any.whl", hash = "sha256:e54c5c87497741ad454070ba0ed411523d46beb5da102e221efb873801b0ba85"},
    {file = "dataclasses_json-0.6.6.tar.gz", hash = "sha256:0c09827d26fffda27f1be2fed7a7a01a29c5ddcd2eb6393ad5ebf9d77e9deae8"},
]

[[package]]
name = "immutabledict"
version = "4.2.0"
requires_python = ">=3.8,<4.0"
summary = "Immutable wrapper around dictionaries (a fork of frozendict)"
groups = ["default"]
files = [
    {file = "immutabledict-4.2.0-py3-none-any.whl", hash = "sha256:d728b2c2410d698d95e6200237feb50a695584d20289ad3379a439aa3d90baba"},
    {file = "immutabledict-4.2.0.tar.gz", hash = "sha256:e003fd81aad2377a5a758bf7e1086cf3b70b63e9a5cc2f46bce8d0a2b4727c5f"},
]

[[package]]
name = "importlab"
version = "0.8.1"
requires_python = ">=3.6.0"
summary = "A library to calculate python dependency graphs."
groups = ["default"]
dependencies = [
    "networkx>=2",
]
files = [
    {file = "importlab-0.8.1-py2.py3-none-any.whl", hash = "sha256:124cfa00e8a34fefe8aac1a5e94f56c781b178c9eb61a1d3f60f7e03b77338d3"},
    {file = "importlab-0.8.1.tar.gz", hash = "sha256:b3893853b1f6eb027da509c3b40e6787e95dd66b4b66f1b3613aad77556e1465"},
]

[[package]]
name = "intervaltree"
version = "3.1.0"
summary = "Editable interval tree data structure for Python 2 and 3"
groups = ["default"]
dependencies = [
    "sortedcontainers<3.0,>=2.0",
]
files = [
    {file = "intervaltree-3.1.0.tar.gz", hash = "sha256:902b1b88936918f9b2a19e0e5eb7ccb430ae45cde4f39ea4b36932920d33952d"},
]

[[package]]
name = "jinja2"
version = "3.1.4"
requires_python = ">=3.7"
summary = "A very fast and expressive template engine."
groups = ["default"]
dependencies = [
    "MarkupSafe>=2.0",
]
files = [
    {file = "jinja2-3.1.4-py3-none-any.whl", hash = "sha256:bc5dd2abb727a5319567b7a813e6a2e7318c39f4f487cfe6c89c6f9c7d25197d"},
    {file = "jinja2-3.1.4.tar.gz", hash = "sha256:4a3aee7acbbe7303aede8e9648d13b8bf88a429282aa6122a993f0ac800cb369"},
]

[[package]]
name = "libcst"
version = "1.3.1"
requires_python = ">=3.9"
summary = "A concrete syntax tree with AST-like properties for Python 3.0 through 3.12 programs."
groups = ["default"]
dependencies = [
    "pyyaml>=5.2",
]
files = [
    {file = "libcst-1.3.1-cp310-cp310-macosx_10_9_x86_64.whl", hash = "sha256:de93193cba6d54f2a4419e94ba2de642b111f52e4fa01bb6e2c655914585f65b"},
    {file = "libcst-1.3.1-cp310-cp310-macosx_11_0_arm64.whl", hash = "sha256:a2d64d86dcd6c80a5dac2e243c5ed7a7a193242209ac33bad4b0639b24f6d131"},
    {file = "libcst-1.3.1-cp310-cp310-manylinux_2_17_aarch64.manylinux2014_aarch64.whl", hash = "sha256:db084f7bbf825c7bd5ed256290066d0336df6a7dc3a029c9870a64cd2298b87f"},
    {file = "libcst-1.3.1-cp310-cp310-manylinux_2_17_x86_64.manylinux2014_x86_64.whl", hash = "sha256:16880711be03a1f5da7028fe791ba5b482a50d830225a70272dc332dfd927652"},
    {file = "libcst-1.3.1-cp310-cp310-manylinux_2_5_i686.manylinux1_i686.manylinux_2_17_i686.manylinux2014_i686.whl", hash = "sha256:189bb28c19c5dd3c64583f969b72f7732dbdb1dee9eca3acc85099e4cef9148b"},
    {file = "libcst-1.3.1-cp310-cp310-win_amd64.whl", hash = "sha256:181372386c986e3de07d7a93f269214cd825adc714f1f9da8252b44f05e181c4"},
    {file = "libcst-1.3.1-cp311-cp311-macosx_10_9_x86_64.whl", hash = "sha256:8c2020f7449270e3ff0bdc481ae244d812f2d9a8b7dbff0ea66b830f4b350f54"},
    {file = "libcst-1.3.1-cp311-cp311-macosx_11_0_arm64.whl", hash = "sha256:be3bf9aaafebda6a21e241e819f0ab67e186e898c3562704e41241cf8738353a"},
    {file = "libcst-1.3.1-cp311-cp311-manylinux_2_17_aarch64.manylinux2014_aarch64.whl", hash = "sha256:0a0d250fb6a2c1d158f30d25ba5e33e3ed3672d2700d480dd47beffd1431a008"},
    {file = "libcst-1.3.1-cp311-cp311-manylinux_2_17_x86_64.manylinux2014_x86_64.whl", hash = "sha256:4ad5741b251d901f3da1819ac539192230cc6f8f81aaf04eb4ec0009c1c97285"},
    {file = "libcst-1.3.1-cp311-cp311-manylinux_2_5_i686.manylinux1_i686.manylinux_2_17_i686.manylinux2014_i686.whl", hash = "sha256:b740dc0c3d1adbd91442fb878343d5a11e23a0e3ac5484be301fd8d148bcb085"},
    {file = "libcst-1.3.1-cp311-cp311-win_amd64.whl", hash = "sha256:9e6bc95fa7dde79cde63a34a0412cd4a3d9fcc27be781a590f8c45c840c83658"},
    {file = "libcst-1.3.1-cp312-cp312-macosx_10_9_x86_64.whl", hash = "sha256:4186076ce12141609ce950d61867b2a73ea199a7a9870dbafa76ad600e075b3c"},
    {file = "libcst-1.3.1-cp312-cp312-macosx_11_0_arm64.whl", hash = "sha256:4ed52a1a2fe4d8603de51649db5e438317b8116ebb9fc09ec68703535fe6c1c8"},
    {file = "libcst-1.3.1-cp312-cp312-manylinux_2_17_aarch64.manylinux2014_aarch64.whl", hash = "sha256:c0886a9963597367b227345f19b24931b3ed6a4703fff237760745f90f0e6a20"},
    {file = "libcst-1.3.1-cp312-cp312-manylinux_2_17_x86_64.manylinux2014_x86_64.whl", hash = "sha256:904c4cc5c801a5747e64b43e0accc87c67a4c804842d977ee215872c4cf8cf88"},
    {file = "libcst-1.3.1-cp312-cp312-manylinux_2_5_i686.manylinux1_i686.manylinux_2_17_i686.manylinux2014_i686.whl", hash = "sha256:7cdb7e8a118b60e064a02f6cbfa4d328212a3a115d125244495190f405709d5f"},
    {file = "libcst-1.3.1-cp312-cp312-win_amd64.whl", hash = "sha256:431badf0e544b79c0ac9682dbd291ff63ddbc3c3aca0d13d3cc7a10c3a9db8a2"},
    {file = "libcst-1.3.1.tar.gz", hash = "sha256:03b1df1ae02456f1d465fcd5ead1d0d454bb483caefd8c8e6bde515ffdb53d1b"},
]

[[package]]
name = "markupsafe"
version = "2.1.5"
requires_python = ">=3.7"
summary = "Safely add untrusted strings to HTML/XML markup."
groups = ["default"]
files = [
    {file = "MarkupSafe-2.1.5-cp310-cp310-macosx_10_9_universal2.whl", hash = "sha256:a17a92de5231666cfbe003f0e4b9b3a7ae3afb1ec2845aadc2bacc93ff85febc"},
    {file = "MarkupSafe-2.1.5-cp310-cp310-macosx_10_9_x86_64.whl", hash = "sha256:72b6be590cc35924b02c78ef34b467da4ba07e4e0f0454a2c5907f473fc50ce5"},
    {file = "MarkupSafe-2.1.5-cp310-cp310-manylinux_2_17_aarch64.manylinux2014_aarch64.whl", hash = "sha256:e61659ba32cf2cf1481e575d0462554625196a1f2fc06a1c777d3f48e8865d46"},
    {file = "MarkupSafe-2.1.5-cp310-cp310-manylinux_2_17_x86_64.manylinux2014_x86_64.whl", hash = "sha256:2174c595a0d73a3080ca3257b40096db99799265e1c27cc5a610743acd86d62f"},
    {file = "MarkupSafe-2.1.5-cp310-cp310-manylinux_2_5_i686.manylinux1_i686.manylinux_2_17_i686.manylinux2014_i686.whl", hash = "sha256:ae2ad8ae6ebee9d2d94b17fb62763125f3f374c25618198f40cbb8b525411900"},
    {file = "MarkupSafe-2.1.5-cp310-cp310-musllinux_1_1_aarch64.whl", hash = "sha256:075202fa5b72c86ad32dc7d0b56024ebdbcf2048c0ba09f1cde31bfdd57bcfff"},
    {file = "MarkupSafe-2.1.5-cp310-cp310-musllinux_1_1_i686.whl", hash = "sha256:598e3276b64aff0e7b3451b72e94fa3c238d452e7ddcd893c3ab324717456bad"},
    {file = "MarkupSafe-2.1.5-cp310-cp310-musllinux_1_1_x86_64.whl", hash = "sha256:fce659a462a1be54d2ffcacea5e3ba2d74daa74f30f5f143fe0c58636e355fdd"},
    {file = "MarkupSafe-2.1.5-cp310-cp310-win32.whl", hash = "sha256:d9fad5155d72433c921b782e58892377c44bd6252b5af2f67f16b194987338a4"},
    {file = "MarkupSafe-2.1.5-cp310-cp310-win_amd64.whl", hash = "sha256:bf50cd79a75d181c9181df03572cdce0fbb75cc353bc350712073108cba98de5"},
    {file = "MarkupSafe-2.1.5-cp311-cp311-macosx_10_9_universal2.whl", hash = "sha256:629ddd2ca402ae6dbedfceeba9c46d5f7b2a61d9749597d4307f943ef198fc1f"},
    {file = "MarkupSafe-2.1.5-cp311-cp311-macosx_10_9_x86_64.whl", hash = "sha256:5b7b716f97b52c5a14bffdf688f971b2d5ef4029127f1ad7a513973cfd818df2"},
    {file = "MarkupSafe-2.1.5-cp311-cp311-manylinux_2_17_aarch64.manylinux2014_aarch64.whl", hash = "sha256:6ec585f69cec0aa07d945b20805be741395e28ac1627333b1c5b0105962ffced"},
    {file = "MarkupSafe-2.1.5-cp311-cp311-manylinux_2_17_x86_64.manylinux2014_x86_64.whl", hash = "sha256:b91c037585eba9095565a3556f611e3cbfaa42ca1e865f7b8015fe5c7336d5a5"},
    {file = "MarkupSafe-2.1.5-cp311-cp311-manylinux_2_5_i686.manylinux1_i686.manylinux_2_17_i686.manylinux2014_i686.whl", hash = "sha256:7502934a33b54030eaf1194c21c692a534196063db72176b0c4028e140f8f32c"},
    {file = "MarkupSafe-2.1.5-cp311-cp311-musllinux_1_1_aarch64.whl", hash = "sha256:0e397ac966fdf721b2c528cf028494e86172b4feba51d65f81ffd65c63798f3f"},
    {file = "MarkupSafe-2.1.5-cp311-cp311-musllinux_1_1_i686.whl", hash = "sha256:c061bb86a71b42465156a3ee7bd58c8c2ceacdbeb95d05a99893e08b8467359a"},
    {file = "MarkupSafe-2.1.5-cp311-cp311-musllinux_1_1_x86_64.whl", hash = "sha256:3a57fdd7ce31c7ff06cdfbf31dafa96cc533c21e443d57f5b1ecc6cdc668ec7f"},
    {file = "MarkupSafe-2.1.5-cp311-cp311-win32.whl", hash = "sha256:397081c1a0bfb5124355710fe79478cdbeb39626492b15d399526ae53422b906"},
    {file = "MarkupSafe-2.1.5-cp311-cp311-win_amd64.whl", hash = "sha256:2b7c57a4dfc4f16f7142221afe5ba4e093e09e728ca65c51f5620c9aaeb9a617"},
    {file = "MarkupSafe-2.1.5-cp312-cp312-macosx_10_9_universal2.whl", hash = "sha256:8dec4936e9c3100156f8a2dc89c4b88d5c435175ff03413b443469c7c8c5f4d1"},
    {file = "MarkupSafe-2.1.5-cp312-cp312-macosx_10_9_x86_64.whl", hash = "sha256:3c6b973f22eb18a789b1460b4b91bf04ae3f0c4234a0a6aa6b0a92f6f7b951d4"},
    {file = "MarkupSafe-2.1.5-cp312-cp312-manylinux_2_17_aarch64.manylinux2014_aarch64.whl", hash = "sha256:ac07bad82163452a6884fe8fa0963fb98c2346ba78d779ec06bd7a6262132aee"},
    {file = "MarkupSafe-2.1.5-cp312-cp312-manylinux_2_17_x86_64.manylinux2014_x86_64.whl", hash = "sha256:f5dfb42c4604dddc8e4305050aa6deb084540643ed5804d7455b5df8fe16f5e5"},
    {file = "MarkupSafe-2.1.5-cp312-cp312-manylinux_2_5_i686.manylinux1_i686.manylinux_2_17_i686.manylinux2014_i686.whl", hash = "sha256:ea3d8a3d18833cf4304cd2fc9cbb1efe188ca9b5efef2bdac7adc20594a0e46b"},
    {file = "MarkupSafe-2.1.5-cp312-cp312-musllinux_1_1_aarch64.whl", hash = "sha256:d050b3361367a06d752db6ead6e7edeb0009be66bc3bae0ee9d97fb326badc2a"},
    {file = "MarkupSafe-2.1.5-cp312-cp312-musllinux_1_1_i686.whl", hash = "sha256:bec0a414d016ac1a18862a519e54b2fd0fc8bbfd6890376898a6c0891dd82e9f"},
    {file = "MarkupSafe-2.1.5-cp312-cp312-musllinux_1_1_x86_64.whl", hash = "sha256:58c98fee265677f63a4385256a6d7683ab1832f3ddd1e66fe948d5880c21a169"},
    {file = "MarkupSafe-2.1.5-cp312-cp312-win32.whl", hash = "sha256:8590b4ae07a35970728874632fed7bd57b26b0102df2d2b233b6d9d82f6c62ad"},
    {file = "MarkupSafe-2.1.5-cp312-cp312-win_amd64.whl", hash = "sha256:823b65d8706e32ad2df51ed89496147a42a2a6e01c13cfb6ffb8b1e92bc910bb"},
    {file = "MarkupSafe-2.1.5.tar.gz", hash = "sha256:d283d37a890ba4c1ae73ffadf8046435c76e7bc2247bbb63c00bd1a709c6544b"},
]

[[package]]
name = "marshmallow"
version = "3.21.2"
requires_python = ">=3.8"
summary = "A lightweight library for converting complex datatypes to and from native Python datatypes."
groups = ["default"]
dependencies = [
    "packaging>=17.0",
]
files = [
    {file = "marshmallow-3.21.2-py3-none-any.whl", hash = "sha256:70b54a6282f4704d12c0a41599682c5c5450e843b9ec406308653b47c59648a1"},
    {file = "marshmallow-3.21.2.tar.gz", hash = "sha256:82408deadd8b33d56338d2182d455db632c6313aa2af61916672146bb32edc56"},
]

[[package]]
name = "msgspec"
version = "0.18.6"
requires_python = ">=3.8"
summary = "A fast serialization and validation library, with builtin support for JSON, MessagePack, YAML, and TOML."
groups = ["default"]
files = [
    {file = "msgspec-0.18.6-cp310-cp310-macosx_10_9_x86_64.whl", hash = "sha256:77f30b0234eceeff0f651119b9821ce80949b4d667ad38f3bfed0d0ebf9d6d8f"},
    {file = "msgspec-0.18.6-cp310-cp310-macosx_11_0_arm64.whl", hash = "sha256:1a76b60e501b3932782a9da039bd1cd552b7d8dec54ce38332b87136c64852dd"},
    {file = "msgspec-0.18.6-cp310-cp310-manylinux_2_17_aarch64.manylinux2014_aarch64.whl", hash = "sha256:06acbd6edf175bee0e36295d6b0302c6de3aaf61246b46f9549ca0041a9d7177"},
    {file = "msgspec-0.18.6-cp310-cp310-manylinux_2_17_x86_64.manylinux2014_x86_64.whl", hash = "sha256:40a4df891676d9c28a67c2cc39947c33de516335680d1316a89e8f7218660410"},
    {file = "msgspec-0.18.6-cp310-cp310-musllinux_1_1_aarch64.whl", hash = "sha256:a6896f4cd5b4b7d688018805520769a8446df911eb93b421c6c68155cdf9dd5a"},
    {file = "msgspec-0.18.6-cp310-cp310-musllinux_1_1_x86_64.whl", hash = "sha256:3ac4dd63fd5309dd42a8c8c36c1563531069152be7819518be0a9d03be9788e4"},
    {file = "msgspec-0.18.6-cp310-cp310-win_amd64.whl", hash = "sha256:fda4c357145cf0b760000c4ad597e19b53adf01382b711f281720a10a0fe72b7"},
    {file = "msgspec-0.18.6-cp311-cp311-macosx_10_9_x86_64.whl", hash = "sha256:e77e56ffe2701e83a96e35770c6adb655ffc074d530018d1b584a8e635b4f36f"},
    {file = "msgspec-0.18.6-cp311-cp311-macosx_11_0_arm64.whl", hash = "sha256:d5351afb216b743df4b6b147691523697ff3a2fc5f3d54f771e91219f5c23aaa"},
    {file = "msgspec-0.18.6-cp311-cp311-manylinux_2_17_aarch64.manylinux2014_aarch64.whl", hash = "sha256:c3232fabacef86fe8323cecbe99abbc5c02f7698e3f5f2e248e3480b66a3596b"},
    {file = "msgspec-0.18.6-cp311-cp311-manylinux_2_17_x86_64.manylinux2014_x86_64.whl", hash = "sha256:e3b524df6ea9998bbc99ea6ee4d0276a101bcc1aa8d14887bb823914d9f60d07"},
    {file = "msgspec-0.18.6-cp311-cp311-musllinux_1_1_aarch64.whl", hash = "sha256:37f67c1d81272131895bb20d388dd8d341390acd0e192a55ab02d4d6468b434c"},
    {file = "msgspec-0.18.6-cp311-cp311-musllinux_1_1_x86_64.whl", hash = "sha256:d0feb7a03d971c1c0353de1a8fe30bb6579c2dc5ccf29b5f7c7ab01172010492"},
    {file = "msgspec-0.18.6-cp311-cp311-win_amd64.whl", hash = "sha256:41cf758d3f40428c235c0f27bc6f322d43063bc32da7b9643e3f805c21ed57b4"},
    {file = "msgspec-0.18.6-cp312-cp312-macosx_10_9_x86_64.whl", hash = "sha256:d86f5071fe33e19500920333c11e2267a31942d18fed4d9de5bc2fbab267d28c"},
    {file = "msgspec-0.18.6-cp312-cp312-macosx_11_0_arm64.whl", hash = "sha256:ce13981bfa06f5eb126a3a5a38b1976bddb49a36e4f46d8e6edecf33ccf11df1"},
    {file = "msgspec-0.18.6-cp312-cp312-manylinux_2_17_aarch64.manylinux2014_aarch64.whl", hash = "sha256:e97dec6932ad5e3ee1e3c14718638ba333befc45e0661caa57033cd4cc489466"},
    {file = "msgspec-0.18.6-cp312-cp312-manylinux_2_17_x86_64.manylinux2014_x86_64.whl", hash = "sha256:ad237100393f637b297926cae1868b0d500f764ccd2f0623a380e2bcfb2809ca"},
    {file = "msgspec-0.18.6-cp312-cp312-musllinux_1_1_aarch64.whl", hash = "sha256:db1d8626748fa5d29bbd15da58b2d73af25b10aa98abf85aab8028119188ed57"},
    {file = "msgspec-0.18.6-cp312-cp312-musllinux_1_1_x86_64.whl", hash = "sha256:d70cb3d00d9f4de14d0b31d38dfe60c88ae16f3182988246a9861259c6722af6"},
    {file = "msgspec-0.18.6-cp312-cp312-win_amd64.whl", hash = "sha256:1003c20bfe9c6114cc16ea5db9c5466e49fae3d7f5e2e59cb70693190ad34da0"},
    {file = "msgspec-0.18.6.tar.gz", hash = "sha256:a59fc3b4fcdb972d09138cb516dbde600c99d07c38fd9372a6ef500d2d031b4e"},
]

[[package]]
name = "mypy"
version = "1.10.0"
requires_python = ">=3.8"
summary = "Optional static typing for Python"
groups = ["default"]
dependencies = [
    "mypy-extensions>=1.0.0",
    "tomli>=1.1.0; python_version < \"3.11\"",
    "typing-extensions>=4.1.0",
]
files = [
    {file = "mypy-1.10.0-cp310-cp310-macosx_10_9_x86_64.whl", hash = "sha256:da1cbf08fb3b851ab3b9523a884c232774008267b1f83371ace57f412fe308c2"},
    {file = "mypy-1.10.0-cp310-cp310-macosx_11_0_arm64.whl", hash = "sha256:12b6bfc1b1a66095ab413160a6e520e1dc076a28f3e22f7fb25ba3b000b4ef99"},
    {file = "mypy-1.10.0-cp310-cp310-manylinux_2_17_x86_64.manylinux2014_x86_64.whl", hash = "sha256:9e36fb078cce9904c7989b9693e41cb9711e0600139ce3970c6ef814b6ebc2b2"},
    {file = "mypy-1.10.0-cp310-cp310-musllinux_1_1_x86_64.whl", hash = "sha256:2b0695d605ddcd3eb2f736cd8b4e388288c21e7de85001e9f85df9187f2b50f9"},
    {file = "mypy-1.10.0-cp310-cp310-win_amd64.whl", hash = "sha256:cd777b780312ddb135bceb9bc8722a73ec95e042f911cc279e2ec3c667076051"},
    {file = "mypy-1.10.0-cp311-cp311-macosx_10_9_x86_64.whl", hash = "sha256:3be66771aa5c97602f382230165b856c231d1277c511c9a8dd058be4784472e1"},
    {file = "mypy-1.10.0-cp311-cp311-macosx_11_0_arm64.whl", hash = "sha256:8b2cbaca148d0754a54d44121b5825ae71868c7592a53b7292eeb0f3fdae95ee"},
    {file = "mypy-1.10.0-cp311-cp311-manylinux_2_17_x86_64.manylinux2014_x86_64.whl", hash = "sha256:1ec404a7cbe9fc0e92cb0e67f55ce0c025014e26d33e54d9e506a0f2d07fe5de"},
    {file = "mypy-1.10.0-cp311-cp311-musllinux_1_1_x86_64.whl", hash = "sha256:e22e1527dc3d4aa94311d246b59e47f6455b8729f4968765ac1eacf9a4760bc7"},
    {file = "mypy-1.10.0-cp311-cp311-win_amd64.whl", hash = "sha256:a87dbfa85971e8d59c9cc1fcf534efe664d8949e4c0b6b44e8ca548e746a8d53"},
    {file = "mypy-1.10.0-cp312-cp312-macosx_10_9_x86_64.whl", hash = "sha256:a781f6ad4bab20eef8b65174a57e5203f4be627b46291f4589879bf4e257b97b"},
    {file = "mypy-1.10.0-cp312-cp312-macosx_11_0_arm64.whl", hash = "sha256:b808e12113505b97d9023b0b5e0c0705a90571c6feefc6f215c1df9381256e30"},
    {file = "mypy-1.10.0-cp312-cp312-manylinux_2_17_x86_64.manylinux2014_x86_64.whl", hash = "sha256:8f55583b12156c399dce2df7d16f8a5095291354f1e839c252ec6c0611e86e2e"},
    {file = "mypy-1.10.0-cp312-cp312-musllinux_1_1_x86_64.whl", hash = "sha256:4cf18f9d0efa1b16478c4c129eabec36148032575391095f73cae2e722fcf9d5"},
    {file = "mypy-1.10.0-cp312-cp312-win_amd64.whl", hash = "sha256:bc6ac273b23c6b82da3bb25f4136c4fd42665f17f2cd850771cb600bdd2ebeda"},
    {file = "mypy-1.10.0-py3-none-any.whl", hash = "sha256:f8c083976eb530019175aabadb60921e73b4f45736760826aa1689dda8208aee"},
    {file = "mypy-1.10.0.tar.gz", hash = "sha256:3d087fcbec056c4ee34974da493a826ce316947485cef3901f511848e687c131"},
]

[[package]]
name = "mypy-extensions"
version = "1.0.0"
requires_python = ">=3.5"
summary = "Type system extensions for programs checked with the mypy type checker."
groups = ["default"]
files = [
    {file = "mypy_extensions-1.0.0-py3-none-any.whl", hash = "sha256:4392f6c0eb8a5668a69e23d168ffa70f0be9ccfd32b5cc2d26a34ae5b844552d"},
    {file = "mypy_extensions-1.0.0.tar.gz", hash = "sha256:75dbf8955dc00442a438fc4d0666508a9a97b6bd41aa2f0ffe9d2f2725af0782"},
]

[[package]]
name = "networkx"
version = "3.1"
requires_python = ">=3.8"
summary = "Python package for creating and manipulating graphs and networks"
groups = ["default"]
files = [
    {file = "networkx-3.1-py3-none-any.whl", hash = "sha256:4f33f68cb2afcf86f28a45f43efc27a9386b535d567d2127f8f61d51dec58d36"},
    {file = "networkx-3.1.tar.gz", hash = "sha256:de346335408f84de0eada6ff9fafafff9bcda11f0a0dfaa931133debb146ab61"},
]

[[package]]
name = "ninja"
version = "1.11.1.1"
summary = "Ninja is a small build system with a focus on speed"
groups = ["default"]
files = [
    {file = "ninja-1.11.1.1-py2.py3-none-macosx_10_9_universal2.macosx_10_9_x86_64.macosx_11_0_arm64.macosx_11_0_universal2.whl", hash = "sha256:376889c76d87b95b5719fdd61dd7db193aa7fd4432e5d52d2e44e4c497bdbbee"},
    {file = "ninja-1.11.1.1-py2.py3-none-manylinux1_i686.manylinux_2_5_i686.whl", hash = "sha256:ecf80cf5afd09f14dcceff28cb3f11dc90fb97c999c89307aea435889cb66877"},
    {file = "ninja-1.11.1.1-py2.py3-none-manylinux1_x86_64.manylinux_2_5_x86_64.whl", hash = "sha256:84502ec98f02a037a169c4b0d5d86075eaf6afc55e1879003d6cab51ced2ea4b"},
    {file = "ninja-1.11.1.1-py2.py3-none-manylinux2014_aarch64.manylinux_2_17_aarch64.whl", hash = "sha256:73b93c14046447c7c5cc892433d4fae65d6364bec6685411cb97a8bcf815f93a"},
    {file = "ninja-1.11.1.1-py2.py3-none-manylinux2014_ppc64le.manylinux_2_17_ppc64le.whl", hash = "sha256:18302d96a5467ea98b68e1cae1ae4b4fb2b2a56a82b955193c637557c7273dbd"},
    {file = "ninja-1.11.1.1-py2.py3-none-manylinux2014_s390x.manylinux_2_17_s390x.whl", hash = "sha256:aad34a70ef15b12519946c5633344bc775a7656d789d9ed5fdb0d456383716ef"},
    {file = "ninja-1.11.1.1-py2.py3-none-musllinux_1_1_aarch64.whl", hash = "sha256:d491fc8d89cdcb416107c349ad1e3a735d4c4af5e1cb8f5f727baca6350fdaea"},
    {file = "ninja-1.11.1.1-py2.py3-none-musllinux_1_1_i686.whl", hash = "sha256:7563ce1d9fe6ed5af0b8dd9ab4a214bf4ff1f2f6fd6dc29f480981f0f8b8b249"},
    {file = "ninja-1.11.1.1-py2.py3-none-musllinux_1_1_ppc64le.whl", hash = "sha256:9df724344202b83018abb45cb1efc22efd337a1496514e7e6b3b59655be85205"},
    {file = "ninja-1.11.1.1-py2.py3-none-musllinux_1_1_s390x.whl", hash = "sha256:3e0f9be5bb20d74d58c66cc1c414c3e6aeb45c35b0d0e41e8d739c2c0d57784f"},
    {file = "ninja-1.11.1.1-py2.py3-none-musllinux_1_1_x86_64.whl", hash = "sha256:76482ba746a2618eecf89d5253c0d1e4f1da1270d41e9f54dfbd91831b0f6885"},
    {file = "ninja-1.11.1.1-py2.py3-none-win32.whl", hash = "sha256:fa2ba9d74acfdfbfbcf06fad1b8282de8a7a8c481d9dee45c859a8c93fcc1082"},
    {file = "ninja-1.11.1.1-py2.py3-none-win_amd64.whl", hash = "sha256:95da904130bfa02ea74ff9c0116b4ad266174fafb1c707aa50212bc7859aebf1"},
    {file = "ninja-1.11.1.1-py2.py3-none-win_arm64.whl", hash = "sha256:185e0641bde601e53841525c4196278e9aaf4463758da6dd1e752c0a0f54136a"},
    {file = "ninja-1.11.1.1.tar.gz", hash = "sha256:9d793b08dd857e38d0b6ffe9e6b7145d7c485a42dcfea04905ca0cdb6017cc3c"},
]

[[package]]
name = "nodeenv"
version = "1.8.0"
requires_python = ">=2.7,!=3.0.*,!=3.1.*,!=3.2.*,!=3.3.*,!=3.4.*,!=3.5.*,!=3.6.*"
summary = "Node.js virtual environment builder"
groups = ["default"]
dependencies = [
    "setuptools",
]
files = [
    {file = "nodeenv-1.8.0-py2.py3-none-any.whl", hash = "sha256:df865724bb3c3adc86b3876fa209771517b0cfe596beff01a92700e0e8be4cec"},
    {file = "nodeenv-1.8.0.tar.gz", hash = "sha256:d51e0c37e64fbf47d017feac3145cdbb58836d7eee8c6f6d3b6880c5456227d2"},
]

[[package]]
name = "numpy"
version = "1.26.4"
requires_python = ">=3.9"
summary = "Fundamental package for array computing in Python"
groups = ["default"]
files = [
    {file = "numpy-1.26.4-cp310-cp310-macosx_10_9_x86_64.whl", hash = "sha256:9ff0f4f29c51e2803569d7a51c2304de5554655a60c5d776e35b4a41413830d0"},
    {file = "numpy-1.26.4-cp310-cp310-macosx_11_0_arm64.whl", hash = "sha256:2e4ee3380d6de9c9ec04745830fd9e2eccb3e6cf790d39d7b98ffd19b0dd754a"},
    {file = "numpy-1.26.4-cp310-cp310-manylinux_2_17_aarch64.manylinux2014_aarch64.whl", hash = "sha256:d209d8969599b27ad20994c8e41936ee0964e6da07478d6c35016bc386b66ad4"},
    {file = "numpy-1.26.4-cp310-cp310-manylinux_2_17_x86_64.manylinux2014_x86_64.whl", hash = "sha256:ffa75af20b44f8dba823498024771d5ac50620e6915abac414251bd971b4529f"},
    {file = "numpy-1.26.4-cp310-cp310-musllinux_1_1_aarch64.whl", hash = "sha256:62b8e4b1e28009ef2846b4c7852046736bab361f7aeadeb6a5b89ebec3c7055a"},
    {file = "numpy-1.26.4-cp310-cp310-musllinux_1_1_x86_64.whl", hash = "sha256:a4abb4f9001ad2858e7ac189089c42178fcce737e4169dc61321660f1a96c7d2"},
    {file = "numpy-1.26.4-cp310-cp310-win32.whl", hash = "sha256:bfe25acf8b437eb2a8b2d49d443800a5f18508cd811fea3181723922a8a82b07"},
    {file = "numpy-1.26.4-cp310-cp310-win_amd64.whl", hash = "sha256:b97fe8060236edf3662adfc2c633f56a08ae30560c56310562cb4f95500022d5"},
    {file = "numpy-1.26.4-cp311-cp311-macosx_10_9_x86_64.whl", hash = "sha256:4c66707fabe114439db9068ee468c26bbdf909cac0fb58686a42a24de1760c71"},
    {file = "numpy-1.26.4-cp311-cp311-macosx_11_0_arm64.whl", hash = "sha256:edd8b5fe47dab091176d21bb6de568acdd906d1887a4584a15a9a96a1dca06ef"},
    {file = "numpy-1.26.4-cp311-cp311-manylinux_2_17_aarch64.manylinux2014_aarch64.whl", hash = "sha256:7ab55401287bfec946ced39700c053796e7cc0e3acbef09993a9ad2adba6ca6e"},
    {file = "numpy-1.26.4-cp311-cp311-manylinux_2_17_x86_64.manylinux2014_x86_64.whl", hash = "sha256:666dbfb6ec68962c033a450943ded891bed2d54e6755e35e5835d63f4f6931d5"},
    {file = "numpy-1.26.4-cp311-cp311-musllinux_1_1_aarch64.whl", hash = "sha256:96ff0b2ad353d8f990b63294c8986f1ec3cb19d749234014f4e7eb0112ceba5a"},
    {file = "numpy-1.26.4-cp311-cp311-musllinux_1_1_x86_64.whl", hash = "sha256:60dedbb91afcbfdc9bc0b1f3f402804070deed7392c23eb7a7f07fa857868e8a"},
    {file = "numpy-1.26.4-cp311-cp311-win32.whl", hash = "sha256:1af303d6b2210eb850fcf03064d364652b7120803a0b872f5211f5234b399f20"},
    {file = "numpy-1.26.4-cp311-cp311-win_amd64.whl", hash = "sha256:cd25bcecc4974d09257ffcd1f098ee778f7834c3ad767fe5db785be9a4aa9cb2"},
    {file = "numpy-1.26.4-cp312-cp312-macosx_10_9_x86_64.whl", hash = "sha256:b3ce300f3644fb06443ee2222c2201dd3a89ea6040541412b8fa189341847218"},
    {file = "numpy-1.26.4-cp312-cp312-macosx_11_0_arm64.whl", hash = "sha256:03a8c78d01d9781b28a6989f6fa1bb2c4f2d51201cf99d3dd875df6fbd96b23b"},
    {file = "numpy-1.26.4-cp312-cp312-manylinux_2_17_aarch64.manylinux2014_aarch64.whl", hash = "sha256:9fad7dcb1aac3c7f0584a5a8133e3a43eeb2fe127f47e3632d43d677c66c102b"},
    {file = "numpy-1.26.4-cp312-cp312-manylinux_2_17_x86_64.manylinux2014_x86_64.whl", hash = "sha256:675d61ffbfa78604709862923189bad94014bef562cc35cf61d3a07bba02a7ed"},
    {file = "numpy-1.26.4-cp312-cp312-musllinux_1_1_aarch64.whl", hash = "sha256:ab47dbe5cc8210f55aa58e4805fe224dac469cde56b9f731a4c098b91917159a"},
    {file = "numpy-1.26.4-cp312-cp312-musllinux_1_1_x86_64.whl", hash = "sha256:1dda2e7b4ec9dd512f84935c5f126c8bd8b9f2fc001e9f54af255e8c5f16b0e0"},
    {file = "numpy-1.26.4-cp312-cp312-win32.whl", hash = "sha256:50193e430acfc1346175fcbdaa28ffec49947a06918b7b92130744e81e640110"},
    {file = "numpy-1.26.4-cp312-cp312-win_amd64.whl", hash = "sha256:08beddf13648eb95f8d867350f6a018a4be2e5ad54c8d8caed89ebca558b2818"},
    {file = "numpy-1.26.4-pp39-pypy39_pp73-macosx_10_9_x86_64.whl", hash = "sha256:afedb719a9dcfc7eaf2287b839d8198e06dcd4cb5d276a3df279231138e83d30"},
    {file = "numpy-1.26.4-pp39-pypy39_pp73-manylinux_2_17_x86_64.manylinux2014_x86_64.whl", hash = "sha256:95a7476c59002f2f6c590b9b7b998306fba6a5aa646b1e22ddfeaf8f78c3a29c"},
    {file = "numpy-1.26.4-pp39-pypy39_pp73-win_amd64.whl", hash = "sha256:7e50d0a0cc3189f9cb0aeb3a6a6af18c16f59f004b866cd2be1c14b36134a4a0"},
    {file = "numpy-1.26.4.tar.gz", hash = "sha256:2a02aba9ed12e4ac4eb3ea9421c420301a0c6460d9830d74a9df87efa4912010"},
]

[[package]]
name = "packaging"
version = "24.0"
requires_python = ">=3.7"
summary = "Core utilities for Python packages"
groups = ["default"]
files = [
    {file = "packaging-24.0-py3-none-any.whl", hash = "sha256:2ddfb553fdf02fb784c234c7ba6ccc288296ceabec964ad2eae3777778130bc5"},
    {file = "packaging-24.0.tar.gz", hash = "sha256:eb82c5e3e56209074766e6885bb04b8c38a0c015d0a30036ebe7ece34c9989e9"},
]

[[package]]
name = "pedalboard"
version = "0.9.6"
summary = "A Python library for adding effects to audio."
groups = ["default"]
dependencies = [
    "numpy",
]
files = [
    {file = "pedalboard-0.9.6-cp310-cp310-macosx_10_13_universal2.whl", hash = "sha256:c135aae363af6b02f1b824ffdc036cd87eadd18fc9088b1c0e325ae09fa9f026"},
    {file = "pedalboard-0.9.6-cp310-cp310-macosx_10_13_x86_64.whl", hash = "sha256:f82408d59def93b090c502cfe7ef4d9216a4c15de6389b776af791a4dc51bc54"},
    {file = "pedalboard-0.9.6-cp310-cp310-macosx_11_0_arm64.whl", hash = "sha256:4457550500ffab304981a6284de6e4411045c704bf57eca78f55195a8f9cb2af"},
    {file = "pedalboard-0.9.6-cp310-cp310-manylinux_2_17_aarch64.manylinux2014_aarch64.whl", hash = "sha256:2131c8c1e36e9f4682b323dddf811322c36548a9413e6a38c2e0ccb318afab41"},
    {file = "pedalboard-0.9.6-cp310-cp310-manylinux_2_17_x86_64.manylinux2014_x86_64.whl", hash = "sha256:7b0b4048fd9efaf12a0718cc2f5f0c14048f0fb2945f055ef5171dc5a4782744"},
    {file = "pedalboard-0.9.6-cp310-cp310-musllinux_1_1_aarch64.whl", hash = "sha256:7b3e81034f26b2d692f014daa8e0cdabdbbd8b121cf91b1ef6962f33b47b940b"},
    {file = "pedalboard-0.9.6-cp310-cp310-musllinux_1_1_x86_64.whl", hash = "sha256:09c0cc46488cccf09a06d06ef087966e6535ebd17f450c1a8000865bfe264b68"},
    {file = "pedalboard-0.9.6-cp310-cp310-win_amd64.whl", hash = "sha256:8c467fe3619e0f142797579f94ee159475f6e79a65b15df0892ac730a38014fe"},
    {file = "pedalboard-0.9.6-cp311-cp311-macosx_10_13_universal2.whl", hash = "sha256:042232d1632c661e7896fb962a46ddff14399ce59c8547505240c09af4e53812"},
    {file = "pedalboard-0.9.6-cp311-cp311-macosx_10_13_x86_64.whl", hash = "sha256:56e177b9826b452aec353332054fd4e723b0ada7d1456cfa93421b1cbefbfd13"},
    {file = "pedalboard-0.9.6-cp311-cp311-macosx_11_0_arm64.whl", hash = "sha256:1a92b95a1e51d9b28a79bb05a45b7403934a7dcb38d4f21877943469e80fef29"},
    {file = "pedalboard-0.9.6-cp311-cp311-manylinux_2_17_aarch64.manylinux2014_aarch64.whl", hash = "sha256:91b6c7da0030ad723b9996c9fdbb58380025ac301dd433146fe8844e3e396783"},
    {file = "pedalboard-0.9.6-cp311-cp311-manylinux_2_17_x86_64.manylinux2014_x86_64.whl", hash = "sha256:b2194c34961f3c369f22d6acade1962193030e677d75899f5141b54af4d2e364"},
    {file = "pedalboard-0.9.6-cp311-cp311-musllinux_1_1_aarch64.whl", hash = "sha256:44b58ee7af27f4996e0b52154504871d04c3b4de4216b1399647ce2b973ba775"},
    {file = "pedalboard-0.9.6-cp311-cp311-musllinux_1_1_x86_64.whl", hash = "sha256:ce1a98ac8af2cfe75875367a456263df374ce720f5b22a5022ff7e4308ac252f"},
    {file = "pedalboard-0.9.6-cp311-cp311-win_amd64.whl", hash = "sha256:997844a4a6a4f1cb8b972fe181d435ef2aeac4e6e0a8adde9cdc95055e9544c3"},
    {file = "pedalboard-0.9.6-cp312-cp312-macosx_10_13_universal2.whl", hash = "sha256:553fabcc90bb6ea60277202f0ad02b65d08ef2259a8a41b3041c683a9235f260"},
    {file = "pedalboard-0.9.6-cp312-cp312-macosx_10_13_x86_64.whl", hash = "sha256:6920672677e5a4ec7cafec132d9775ab0f4092d6a87a380709b1b3a7ae4f2031"},
    {file = "pedalboard-0.9.6-cp312-cp312-macosx_11_0_arm64.whl", hash = "sha256:ca5a796fe77fa8982bbbb33e52c442efa580b8c8c7d3d1a0c6e6f3e72cc6b15b"},
    {file = "pedalboard-0.9.6-cp312-cp312-manylinux_2_17_aarch64.manylinux2014_aarch64.whl", hash = "sha256:706b4d0262fc0880a31fd71571df57cbb89d38730e211014852252773b7481ae"},
    {file = "pedalboard-0.9.6-cp312-cp312-manylinux_2_17_x86_64.manylinux2014_x86_64.whl", hash = "sha256:687580a7a41a1c02e62359dbdca05615d5923affa5f27b122e5fcaf88dfef62d"},
    {file = "pedalboard-0.9.6-cp312-cp312-musllinux_1_1_aarch64.whl", hash = "sha256:b08bbd68d75efed4cdbae68b6c01797c1f656e8a681c9c33cc6377355210847e"},
    {file = "pedalboard-0.9.6-cp312-cp312-musllinux_1_1_x86_64.whl", hash = "sha256:a52ff7ef082ec3bd87a56a6232526da18e37986522abaf033a951dbdf5ad6795"},
    {file = "pedalboard-0.9.6-cp312-cp312-win_amd64.whl", hash = "sha256:6b66d41d291d9cbf51d5d2b87f80a46a7d70e1b9aaf225cce897a95a1c46cca9"},
    {file = "pedalboard-0.9.6-pp37-pypy37_pp73-macosx_10_13_x86_64.whl", hash = "sha256:8af5e8e28cac06ff8f4f06da9ef5e933b449cfdfaebf74b9c2a7c2a6e4db03ff"},
    {file = "pedalboard-0.9.6-pp37-pypy37_pp73-manylinux_2_17_aarch64.manylinux2014_aarch64.whl", hash = "sha256:f735844b287f21abf2e380e26da082aecc12ced8f6bf7eadee6af5fa3e1b72fe"},
    {file = "pedalboard-0.9.6-pp37-pypy37_pp73-manylinux_2_17_x86_64.manylinux2014_x86_64.whl", hash = "sha256:ee84a8d2de48fd894383dc6e0476ff6084134a2edc867f921b704ae1fed18147"},
    {file = "pedalboard-0.9.6-pp37-pypy37_pp73-win_amd64.whl", hash = "sha256:a302061041a46cb1cf9848bb462fb4eda59046e843399046027c9a9c285dd8ba"},
    {file = "pedalboard-0.9.6-pp38-pypy38_pp73-macosx_10_13_x86_64.whl", hash = "sha256:a335aecb84b908533e8444763a433f07875dfbea44be9eff7fbff1f2585f2119"},
    {file = "pedalboard-0.9.6-pp38-pypy38_pp73-manylinux_2_17_aarch64.manylinux2014_aarch64.whl", hash = "sha256:7b2458e8f3821355df2a2c5dbf166b0e6906339aeb63551791f4fa3c8d681976"},
    {file = "pedalboard-0.9.6-pp38-pypy38_pp73-manylinux_2_17_x86_64.manylinux2014_x86_64.whl", hash = "sha256:70cf9173f9af48e956db877245c99d69c1baee0189337e44221baafafebca9d7"},
    {file = "pedalboard-0.9.6-pp38-pypy38_pp73-win_amd64.whl", hash = "sha256:7e8961658fef861992eb5f54c30c2e2ff3b9706255c98b0c0364d7afe5a9326d"},
    {file = "pedalboard-0.9.6-pp39-pypy39_pp73-macosx_10_13_x86_64.whl", hash = "sha256:d0d2a7aeb326825eceec8fd5040eabcf32f774b8ab4841da8e42da455272f5e5"},
    {file = "pedalboard-0.9.6-pp39-pypy39_pp73-manylinux_2_17_aarch64.manylinux2014_aarch64.whl", hash = "sha256:4cf6606b8476e97319211c28207233709cf4e706f53d75ab2f7753826d912816"},
    {file = "pedalboard-0.9.6-pp39-pypy39_pp73-manylinux_2_17_x86_64.manylinux2014_x86_64.whl", hash = "sha256:b9211cd1046f83e39fe7c9b98c94e36a917ff5c98a069d0e0091b89f98e871fb"},
    {file = "pedalboard-0.9.6-pp39-pypy39_pp73-win_amd64.whl", hash = "sha256:31384706da3b86cacc7895d1a181834642251b1e86d4a6c6bbf437c9a1ede7ef"},
]

[[package]]
name = "psutil"
version = "5.9.8"
requires_python = ">=2.7, !=3.0.*, !=3.1.*, !=3.2.*, !=3.3.*, !=3.4.*, !=3.5.*"
summary = "Cross-platform lib for process and system monitoring in Python."
groups = ["default"]
files = [
    {file = "psutil-5.9.8-cp36-abi3-macosx_10_9_x86_64.whl", hash = "sha256:aee678c8720623dc456fa20659af736241f575d79429a0e5e9cf88ae0605cc81"},
    {file = "psutil-5.9.8-cp36-abi3-manylinux_2_12_i686.manylinux2010_i686.manylinux_2_17_i686.manylinux2014_i686.whl", hash = "sha256:8cb6403ce6d8e047495a701dc7c5bd788add903f8986d523e3e20b98b733e421"},
    {file = "psutil-5.9.8-cp36-abi3-manylinux_2_12_x86_64.manylinux2010_x86_64.manylinux_2_17_x86_64.manylinux2014_x86_64.whl", hash = "sha256:d06016f7f8625a1825ba3732081d77c94589dca78b7a3fc072194851e88461a4"},
    {file = "psutil-5.9.8-cp37-abi3-win32.whl", hash = "sha256:bc56c2a1b0d15aa3eaa5a60c9f3f8e3e565303b465dbf57a1b730e7a2b9844e0"},
    {file = "psutil-5.9.8-cp37-abi3-win_amd64.whl", hash = "sha256:8db4c1b57507eef143a15a6884ca10f7c73876cdf5d51e713151c1236a0e68cf"},
    {file = "psutil-5.9.8-cp38-abi3-macosx_11_0_arm64.whl", hash = "sha256:d16bbddf0693323b8c6123dd804100241da461e41d6e332fb0ba6058f630f8c8"},
    {file = "psutil-5.9.8.tar.gz", hash = "sha256:6be126e3225486dff286a8fb9a06246a5253f4c7c53b475ea5f5ac934e64194c"},
]

[[package]]
name = "pycnite"
version = "2023.10.11"
requires_python = ">=3.8"
summary = "Python bytecode utilities"
groups = ["default"]
files = [
    {file = "pycnite-2023.10.11-py3-none-any.whl", hash = "sha256:7d02eb0ec4b405d8812ce053434dacfc2335dcd458ab58a1a8bf64f72d40bd76"},
    {file = "pycnite-2023.10.11.tar.gz", hash = "sha256:ad8616982beecc39f2090999aa8fe0b044b1f6733ec39484cb5e0900b3c88aa1"},
]

[[package]]
name = "pydot"
version = "2.0.0"
requires_python = ">=3.7"
summary = "Python interface to Graphviz's Dot"
groups = ["default"]
dependencies = [
    "pyparsing>=3",
]
files = [
    {file = "pydot-2.0.0-py3-none-any.whl", hash = "sha256:408a47913ea7bd5d2d34b274144880c1310c4aee901f353cf21fe2e526a4ea28"},
    {file = "pydot-2.0.0.tar.gz", hash = "sha256:60246af215123fa062f21cd791be67dda23a6f280df09f68919e637a1e4f3235"},
]

[[package]]
name = "pygments"
version = "2.18.0"
requires_python = ">=3.8"
summary = "Pygments is a syntax highlighting package written in Python."
groups = ["default"]
files = [
    {file = "pygments-2.18.0-py3-none-any.whl", hash = "sha256:b8e6aca0523f3ab76fee51799c488e38782ac06eafcf95e7ba832985c8e7b13a"},
    {file = "pygments-2.18.0.tar.gz", hash = "sha256:786ff802f32e91311bff3889f6e9a86e81505fe99f2735bb6d60ae0c5004f199"},
]

[[package]]
name = "pyparsing"
version = "3.1.2"
requires_python = ">=3.6.8"
summary = "pyparsing module - Classes and methods to define and execute parsing grammars"
groups = ["default"]
files = [
    {file = "pyparsing-3.1.2-py3-none-any.whl", hash = "sha256:f9db75911801ed778fe61bb643079ff86601aca99fcae6345aa67292038fb742"},
    {file = "pyparsing-3.1.2.tar.gz", hash = "sha256:a1bac0ce561155ecc3ed78ca94d3c9378656ad4c94c1270de543f621420f94ad"},
]

[[package]]
name = "pyre-check"
version = "0.9.21"
requires_python = ">=3.8"
summary = "A performant type checker for Python"
groups = ["default"]
dependencies = [
    "click>=8.0",
    "dataclasses-json",
    "intervaltree",
    "libcst",
    "psutil",
    "pyre-extensions>=0.0.29",
    "tabulate",
    "testslide>=2.7.0",
    "typing-extensions",
    "typing-inspect",
]
files = [
    {file = "pyre-check-0.9.21.tar.gz", hash = "sha256:9f350c222e62864b696a548e87ad117d894e230fc2e2a8084e43ee43487724eb"},
    {file = "pyre_check-0.9.21-py3-none-macosx_10_11_x86_64.whl", hash = "sha256:3be3a4b8526527c5f334b48164906fc9195d000bd4568233dda0e916a88734df"},
    {file = "pyre_check-0.9.21-py3-none-manylinux1_x86_64.whl", hash = "sha256:dff2db71ff6ebc546aab15be165b258f9f86f46a2127829a9b33e62a5c75660e"},
]

[[package]]
name = "pyre-extensions"
version = "0.0.30"
summary = "Type system extensions for use with the pyre type checker"
groups = ["default"]
dependencies = [
    "typing-extensions",
    "typing-inspect",
]
files = [
    {file = "pyre-extensions-0.0.30.tar.gz", hash = "sha256:ba7923c486e089afb37a10623a8f4ae82d73cff42426d711c48af070e5bc31b2"},
    {file = "pyre_extensions-0.0.30-py3-none-any.whl", hash = "sha256:32b37ede4eed0ea879fdd6d84e0c7811e129f19b76614f1be3a6b47f9a4b1fa0"},
]

[[package]]
name = "pyright"
version = "1.1.363"
requires_python = ">=3.7"
summary = "Command line wrapper for pyright"
groups = ["default"]
dependencies = [
    "nodeenv>=1.6.0",
]
files = [
    {file = "pyright-1.1.363-py3-none-any.whl", hash = "sha256:d3b8d73c8d230e26cc3523862f3398032a0c39a00d7bb69dc0f595f8e888fd01"},
    {file = "pyright-1.1.363.tar.gz", hash = "sha256:00a8f0ae0e339473bb0488f8a2a2dcdf574e94a16cd7b4390d49d144714d8db2"},
]

[[package]]
name = "pytype"
version = "2024.4.11"
requires_python = ">=3.8"
summary = "Python type inferencer"
groups = ["default"]
dependencies = [
    "attrs>=21.4.0",
    "immutabledict>=4.1.0",
    "importlab>=0.8",
    "jinja2>=3.1.2",
    "libcst>=1.0.1",
    "msgspec>=0.18.6",
    "networkx<3.2",
    "ninja>=1.10.0.post2",
    "pycnite>=2023.10.11",
    "pydot>=1.4.2",
    "tabulate>=0.8.10",
    "toml>=0.10.2",
    "typing-extensions>=4.3.0",
]
files = [
    {file = "pytype-2024.4.11-cp310-cp310-macosx_11_0_x86_64.whl", hash = "sha256:b3647b554eea009c9069d58440aed6b9e66d2f3ba20ef2674ffd5cd3b0bf83d7"},
    {file = "pytype-2024.4.11-cp310-cp310-manylinux_2_17_aarch64.manylinux2014_aarch64.whl", hash = "sha256:fd24126c5b7bbda52fb48ad9d5b4811a7b090a944c8f39a45b94246668722e8c"},
    {file = "pytype-2024.4.11-cp310-cp310-manylinux_2_17_x86_64.manylinux2014_x86_64.whl", hash = "sha256:ae6c825b7067f420810f8846147df4fdc966c340a859f51317ba26c860cda906"},
    {file = "pytype-2024.4.11-cp311-cp311-macosx_10_9_universal2.whl", hash = "sha256:b140b180cb287bbbce025e4c929cf3b020aecf4f91899ef609073ab02f2ba8e2"},
    {file = "pytype-2024.4.11-cp311-cp311-manylinux_2_17_aarch64.manylinux2014_aarch64.whl", hash = "sha256:a3483a44f457766be85c2a2ef779f3c23f2a95973e5fdb844a030149fc1d92e3"},
    {file = "pytype-2024.4.11-cp311-cp311-manylinux_2_17_x86_64.manylinux2014_x86_64.whl", hash = "sha256:2986961d1a2ef778a9fea2f81c90cbe6f4a196ff783b26a30e7f3c9be1545c10"},
    {file = "pytype-2024.4.11.tar.gz", hash = "sha256:3315f51ce482d8c07e2f1857c47ccd17beb4a9bfde9afa7d1e6669f1e8881081"},
]

[[package]]
name = "pyyaml"
version = "6.0.1"
requires_python = ">=3.6"
summary = "YAML parser and emitter for Python"
groups = ["default"]
files = [
    {file = "PyYAML-6.0.1-cp310-cp310-macosx_10_9_x86_64.whl", hash = "sha256:d858aa552c999bc8a8d57426ed01e40bef403cd8ccdd0fc5f6f04a00414cac2a"},
    {file = "PyYAML-6.0.1-cp310-cp310-macosx_11_0_arm64.whl", hash = "sha256:fd66fc5d0da6d9815ba2cebeb4205f95818ff4b79c3ebe268e75d961704af52f"},
    {file = "PyYAML-6.0.1-cp310-cp310-manylinux_2_17_aarch64.manylinux2014_aarch64.whl", hash = "sha256:69b023b2b4daa7548bcfbd4aa3da05b3a74b772db9e23b982788168117739938"},
    {file = "PyYAML-6.0.1-cp310-cp310-manylinux_2_17_s390x.manylinux2014_s390x.whl", hash = "sha256:81e0b275a9ecc9c0c0c07b4b90ba548307583c125f54d5b6946cfee6360c733d"},
    {file = "PyYAML-6.0.1-cp310-cp310-manylinux_2_17_x86_64.manylinux2014_x86_64.whl", hash = "sha256:ba336e390cd8e4d1739f42dfe9bb83a3cc2e80f567d8805e11b46f4a943f5515"},
    {file = "PyYAML-6.0.1-cp310-cp310-musllinux_1_1_x86_64.whl", hash = "sha256:326c013efe8048858a6d312ddd31d56e468118ad4cdeda36c719bf5bb6192290"},
    {file = "PyYAML-6.0.1-cp310-cp310-win32.whl", hash = "sha256:bd4af7373a854424dabd882decdc5579653d7868b8fb26dc7d0e99f823aa5924"},
    {file = "PyYAML-6.0.1-cp310-cp310-win_amd64.whl", hash = "sha256:fd1592b3fdf65fff2ad0004b5e363300ef59ced41c2e6b3a99d4089fa8c5435d"},
    {file = "PyYAML-6.0.1-cp311-cp311-macosx_10_9_x86_64.whl", hash = "sha256:6965a7bc3cf88e5a1c3bd2e0b5c22f8d677dc88a455344035f03399034eb3007"},
    {file = "PyYAML-6.0.1-cp311-cp311-macosx_11_0_arm64.whl", hash = "sha256:f003ed9ad21d6a4713f0a9b5a7a0a79e08dd0f221aff4525a2be4c346ee60aab"},
    {file = "PyYAML-6.0.1-cp311-cp311-manylinux_2_17_aarch64.manylinux2014_aarch64.whl", hash = "sha256:42f8152b8dbc4fe7d96729ec2b99c7097d656dc1213a3229ca5383f973a5ed6d"},
    {file = "PyYAML-6.0.1-cp311-cp311-manylinux_2_17_s390x.manylinux2014_s390x.whl", hash = "sha256:062582fca9fabdd2c8b54a3ef1c978d786e0f6b3a1510e0ac93ef59e0ddae2bc"},
    {file = "PyYAML-6.0.1-cp311-cp311-manylinux_2_17_x86_64.manylinux2014_x86_64.whl", hash = "sha256:d2b04aac4d386b172d5b9692e2d2da8de7bfb6c387fa4f801fbf6fb2e6ba4673"},
    {file = "PyYAML-6.0.1-cp311-cp311-musllinux_1_1_x86_64.whl", hash = "sha256:e7d73685e87afe9f3b36c799222440d6cf362062f78be1013661b00c5c6f678b"},
    {file = "PyYAML-6.0.1-cp311-cp311-win32.whl", hash = "sha256:1635fd110e8d85d55237ab316b5b011de701ea0f29d07611174a1b42f1444741"},
    {file = "PyYAML-6.0.1-cp311-cp311-win_amd64.whl", hash = "sha256:bf07ee2fef7014951eeb99f56f39c9bb4af143d8aa3c21b1677805985307da34"},
    {file = "PyYAML-6.0.1-cp312-cp312-macosx_10_9_x86_64.whl", hash = "sha256:855fb52b0dc35af121542a76b9a84f8d1cd886ea97c84703eaa6d88e37a2ad28"},
    {file = "PyYAML-6.0.1-cp312-cp312-macosx_11_0_arm64.whl", hash = "sha256:40df9b996c2b73138957fe23a16a4f0ba614f4c0efce1e9406a184b6d07fa3a9"},
    {file = "PyYAML-6.0.1-cp312-cp312-manylinux_2_17_aarch64.manylinux2014_aarch64.whl", hash = "sha256:a08c6f0fe150303c1c6b71ebcd7213c2858041a7e01975da3a99aed1e7a378ef"},
    {file = "PyYAML-6.0.1-cp312-cp312-manylinux_2_17_x86_64.manylinux2014_x86_64.whl", hash = "sha256:6c22bec3fbe2524cde73d7ada88f6566758a8f7227bfbf93a408a9d86bcc12a0"},
    {file = "PyYAML-6.0.1-cp312-cp312-musllinux_1_1_x86_64.whl", hash = "sha256:8d4e9c88387b0f5c7d5f281e55304de64cf7f9c0021a3525bd3b1c542da3b0e4"},
    {file = "PyYAML-6.0.1-cp312-cp312-win32.whl", hash = "sha256:d483d2cdf104e7c9fa60c544d92981f12ad66a457afae824d146093b8c294c54"},
    {file = "PyYAML-6.0.1-cp312-cp312-win_amd64.whl", hash = "sha256:0d3304d8c0adc42be59c5f8a4d9e3d7379e6955ad754aa9d6ab7a398b59dd1df"},
    {file = "PyYAML-6.0.1.tar.gz", hash = "sha256:bfdf460b1736c775f2ba9f6a92bca30bc2095067b8a9d77876d1fad6cc3b4a43"},
]

[[package]]
name = "setuptools"
version = "70.0.0"
requires_python = ">=3.8"
summary = "Easily download, build, install, upgrade, and uninstall Python packages"
groups = ["default"]
files = [
    {file = "setuptools-70.0.0-py3-none-any.whl", hash = "sha256:54faa7f2e8d2d11bcd2c07bed282eef1046b5c080d1c32add737d7b5817b1ad4"},
    {file = "setuptools-70.0.0.tar.gz", hash = "sha256:f211a66637b8fa059bb28183da127d4e86396c991a942b028c6650d4319c3fd0"},
]

[[package]]
name = "sortedcontainers"
version = "2.4.0"
summary = "Sorted Containers -- Sorted List, Sorted Dict, Sorted Set"
groups = ["default"]
files = [
    {file = "sortedcontainers-2.4.0-py2.py3-none-any.whl", hash = "sha256:a163dcaede0f1c021485e957a39245190e74249897e2ae4b2aa38595db237ee0"},
    {file = "sortedcontainers-2.4.0.tar.gz", hash = "sha256:25caa5a06cc30b6b83d11423433f65d1f9d76c4c6a0c90e3379eaa43b9bfdb88"},
]

[[package]]
name = "tabulate"
version = "0.9.0"
requires_python = ">=3.7"
summary = "Pretty-print tabular data"
groups = ["default"]
files = [
    {file = "tabulate-0.9.0-py3-none-any.whl", hash = "sha256:024ca478df22e9340661486f85298cff5f6dcdba14f3813e8830015b9ed1948f"},
    {file = "tabulate-0.9.0.tar.gz", hash = "sha256:0095b12bf5966de529c0feb1fa08671671b3368eec77d7ef7ab114be2c068b3c"},
]

[[package]]
name = "testslide"
version = "2.7.1"
summary = "A test framework for Python that makes mocking and iterating over code with tests a breeze"
groups = ["default"]
dependencies = [
    "Pygments>=2.2.0",
    "psutil>=5.6.7",
    "typeguard<3.0",
]
files = [
    {file = "TestSlide-2.7.1.tar.gz", hash = "sha256:d25890d5c383f673fac44a5f9e2561b7118d04f29f2c2b3d4f549e6db94cb34d"},
]

[[package]]
name = "toml"
version = "0.10.2"
requires_python = ">=2.6, !=3.0.*, !=3.1.*, !=3.2.*"
summary = "Python Library for Tom's Obvious, Minimal Language"
groups = ["default"]
files = [
    {file = "toml-0.10.2-py2.py3-none-any.whl", hash = "sha256:806143ae5bfb6a3c6e736a764057db0e6a0e05e338b5630894a5f779cabb4f9b"},
    {file = "toml-0.10.2.tar.gz", hash = "sha256:b3bda1d108d5dd99f4a20d24d9c348e91c4db7ab1b749200bded2f839ccbe68f"},
]

[[package]]
name = "tomli"
version = "2.0.1"
requires_python = ">=3.7"
summary = "A lil' TOML parser"
groups = ["default"]
marker = "python_version < \"3.11\""
files = [
    {file = "tomli-2.0.1-py3-none-any.whl", hash = "sha256:939de3e7a6161af0c887ef91b7d41a53e7c5a1ca976325f429cb46ea9bc30ecc"},
    {file = "tomli-2.0.1.tar.gz", hash = "sha256:de526c12914f0c550d15924c62d72abc48d6fe7364aa87328337a31007fe8a4f"},
]

[[package]]
name = "typeguard"
version = "2.13.3"
requires_python = ">=3.5.3"
summary = "Run-time type checker for Python"
groups = ["default"]
files = [
    {file = "typeguard-2.13.3-py3-none-any.whl", hash = "sha256:5e3e3be01e887e7eafae5af63d1f36c849aaa94e3a0112097312aabfa16284f1"},
    {file = "typeguard-2.13.3.tar.gz", hash = "sha256:00edaa8da3a133674796cf5ea87d9f4b4c367d77476e185e80251cc13dfbb8c4"},
]

[[package]]
name = "typing-extensions"
version = "4.11.0"
requires_python = ">=3.8"
summary = "Backported and Experimental Type Hints for Python 3.8+"
groups = ["default"]
files = [
    {file = "typing_extensions-4.11.0-py3-none-any.whl", hash = "sha256:c1f94d72897edaf4ce775bb7558d5b79d8126906a14ea5ed1635921406c0387a"},
    {file = "typing_extensions-4.11.0.tar.gz", hash = "sha256:83f085bd5ca59c80295fc2a82ab5dac679cbe02b9f33f7d83af68e241bea51b0"},
]

[[package]]
name = "typing-inspect"
version = "0.9.0"
summary = "Runtime inspection utilities for typing module."
groups = ["default"]
dependencies = [
    "mypy-extensions>=0.3.0",
    "typing-extensions>=3.7.4",
]
files = [
    {file = "typing_inspect-0.9.0-py3-none-any.whl", hash = "sha256:9ee6fc59062311ef8547596ab6b955e1b8aa46242d854bfc78f4f6b0eff35f9f"},
    {file = "typing_inspect-0.9.0.tar.gz", hash = "sha256:b23fc42ff6f6ef6954e4852c1fb512cdd18dbea03134f91f856a95ccc9461f78"},
]
